
Microsoft Visual Studio Solution File, Format Version 12.00
# Visual Studio Version 17
VisualStudioVersion = 17.9.34607.119
MinimumVisualStudioVersion = 10.0.40219.1
Project("{2150E333-8FDC-42A3-9474-1A3956D46DE8}") = "Services", "Services", "{32DEB4B6-A795-40E4-B143-1CDD33FDD21C}"
EndProject
Project("{2150E333-8FDC-42A3-9474-1A3956D46DE8}") = "Catalog", "Catalog", "{A395AAA8-57C4-45F1-B705-3A202750CE1E}"
EndProject
Project("{9A19103F-16F7-4668-BE54-9A1E7A4F7556}") = "Catalog.API", "Services\Catalog\Catalog.API\Catalog.API.csproj", "{3CC938E8-FC3E-4F05-85CC-7BC844817F05}"
EndProject
Project("{2150E333-8FDC-42A3-9474-1A3956D46DE8}") = "BuildingBlocks", "BuildingBlocks", "{2A81F699-EECA-414E-9952-ADB663F298A9}"
EndProject
Project("{9A19103F-16F7-4668-BE54-9A1E7A4F7556}") = "BuildingBlocks", "BuildingBlocks\BuildingBlocks\BuildingBlocks.csproj", "{2A4DBA59-E4A9-434A-9175-40C5B5245A44}"
EndProject
Project("{2150E333-8FDC-42A3-9474-1A3956D46DE8}") = "Solution Items", "Solution Items", "{11CC9AF9-4BB2-43B3-B9AD-8029E49C772C}"
	ProjectSection(SolutionItems) = preProject
		.editorconfig = .editorconfig
	EndProjectSection
EndProject
Project("{E53339B2-1760-4266-BCC7-CA923CBCF16C}") = "docker-compose", "docker-compose.dcproj", "{D4B99C13-EA32-4B06-BB4D-20AC04C5B5F5}"
EndProject
Project("{2150E333-8FDC-42A3-9474-1A3956D46DE8}") = "Basket", "Basket", "{65EF9D55-F0E9-470E-8375-054F16CE4D48}"
EndProject
Project("{9A19103F-16F7-4668-BE54-9A1E7A4F7556}") = "Basket.API", "Services\Basket\Basket.API\Basket.API.csproj", "{724B58C5-27F3-40AA-B9AB-464501C24602}"
EndProject
Project("{2150E333-8FDC-42A3-9474-1A3956D46DE8}") = "Discount", "Discount", "{FAD1FB47-0090-47B8-8E10-1EC0ABDB25C3}"
EndProject
Project("{FAE04EC0-301F-11D3-BF4B-00C04F79EFBC}") = "Discount.Grpc", "Services\Discount\Discount.Grpc\Discount.Grpc.csproj", "{01AA6A6C-F7D5-4158-9A38-0182B6332431}"
EndProject
Global
	GlobalSection(SolutionConfigurationPlatforms) = preSolution
		Debug|Any CPU = Debug|Any CPU
		Release|Any CPU = Release|Any CPU
	EndGlobalSection
	GlobalSection(ProjectConfigurationPlatforms) = postSolution
		{3CC938E8-FC3E-4F05-85CC-7BC844817F05}.Debug|Any CPU.ActiveCfg = Debug|Any CPU
		{3CC938E8-FC3E-4F05-85CC-7BC844817F05}.Debug|Any CPU.Build.0 = Debug|Any CPU
		{3CC938E8-FC3E-4F05-85CC-7BC844817F05}.Release|Any CPU.ActiveCfg = Release|Any CPU
		{3CC938E8-FC3E-4F05-85CC-7BC844817F05}.Release|Any CPU.Build.0 = Release|Any CPU
		{2A4DBA59-E4A9-434A-9175-40C5B5245A44}.Debug|Any CPU.ActiveCfg = Debug|Any CPU
		{2A4DBA59-E4A9-434A-9175-40C5B5245A44}.Debug|Any CPU.Build.0 = Debug|Any CPU
		{2A4DBA59-E4A9-434A-9175-40C5B5245A44}.Release|Any CPU.ActiveCfg = Release|Any CPU
		{2A4DBA59-E4A9-434A-9175-40C5B5245A44}.Release|Any CPU.Build.0 = Release|Any CPU
		{D4B99C13-EA32-4B06-BB4D-20AC04C5B5F5}.Debug|Any CPU.ActiveCfg = Debug|Any CPU
		{D4B99C13-EA32-4B06-BB4D-20AC04C5B5F5}.Debug|Any CPU.Build.0 = Debug|Any CPU
		{D4B99C13-EA32-4B06-BB4D-20AC04C5B5F5}.Release|Any CPU.ActiveCfg = Release|Any CPU
		{D4B99C13-EA32-4B06-BB4D-20AC04C5B5F5}.Release|Any CPU.Build.0 = Release|Any CPU
		{724B58C5-27F3-40AA-B9AB-464501C24602}.Debug|Any CPU.ActiveCfg = Debug|Any CPU
		{724B58C5-27F3-40AA-B9AB-464501C24602}.Debug|Any CPU.Build.0 = Debug|Any CPU
		{724B58C5-27F3-40AA-B9AB-464501C24602}.Release|Any CPU.ActiveCfg = Release|Any CPU
		{724B58C5-27F3-40AA-B9AB-464501C24602}.Release|Any CPU.Build.0 = Release|Any CPU
		{01AA6A6C-F7D5-4158-9A38-0182B6332431}.Debug|Any CPU.ActiveCfg = Debug|Any CPU
		{01AA6A6C-F7D5-4158-9A38-0182B6332431}.Debug|Any CPU.Build.0 = Debug|Any CPU
		{01AA6A6C-F7D5-4158-9A38-0182B6332431}.Release|Any CPU.ActiveCfg = Release|Any CPU
		{01AA6A6C-F7D5-4158-9A38-0182B6332431}.Release|Any CPU.Build.0 = Release|Any CPU
	EndGlobalSection
	GlobalSection(SolutionProperties) = preSolution
		HideSolutionNode = FALSE
	EndGlobalSection
	GlobalSection(NestedProjects) = preSolution
		{A395AAA8-57C4-45F1-B705-3A202750CE1E} = {32DEB4B6-A795-40E4-B143-1CDD33FDD21C}
		{3CC938E8-FC3E-4F05-85CC-7BC844817F05} = {A395AAA8-57C4-45F1-B705-3A202750CE1E}
		{2A4DBA59-E4A9-434A-9175-40C5B5245A44} = {2A81F699-EECA-414E-9952-ADB663F298A9}
		{65EF9D55-F0E9-470E-8375-054F16CE4D48} = {32DEB4B6-A795-40E4-B143-1CDD33FDD21C}
		{724B58C5-27F3-40AA-B9AB-464501C24602} = {65EF9D55-F0E9-470E-8375-054F16CE4D48}
		{FAD1FB47-0090-47B8-8E10-1EC0ABDB25C3} = {32DEB4B6-A795-40E4-B143-1CDD33FDD21C}
		{01AA6A6C-F7D5-4158-9A38-0182B6332431} = {FAD1FB47-0090-47B8-8E10-1EC0ABDB25C3}
	EndGlobalSection
	GlobalSection(ExtensibilityGlobals) = postSolution
		SolutionGuid = {4690274B-FDBD-4470-A18C-D9086FDE5FD2}
	EndGlobalSection
EndGlobal
